
Microsoft Visual Studio Solution File, Format Version 11.00
# Visual Studio 2010
Project("{FAE04EC0-301F-11D3-BF4B-00C04F79EFBC}") = "SharpGLWinformsApplication1", "SharpGLWinformsApplication1\SharpGLWinformsApplication1.csproj", "{87D951D4-CF5E-4CAB-B269-9CE15199953D}"
EndProject
Project("{FAE04EC0-301F-11D3-BF4B-00C04F79EFBC}") = "SoftCMeans", "SoftCMeans\SoftCMeans.csproj", "{8E8BD9BD-CEAD-4DD9-9BC6-D9C21309AB12}"
EndProject
Project("{FAE04EC0-301F-11D3-BF4B-00C04F79EFBC}") = "Neural", "NEURAL\Neural.csproj", "{A1DC104D-192F-4066-B3E4-F0401F4F61A4}"
EndProject
Project("{FAE04EC0-301F-11D3-BF4B-00C04F79EFBC}") = "SharpGLWinformsApplication2", "SharpGLWinformsApplication2\SharpGLWinformsApplication2.csproj", "{A9497C48-57BB-41D6-9349-26514F47C1BF}"
EndProject
Project("{FAE04EC0-301F-11D3-BF4B-00C04F79EFBC}") = "Test", "Test\Test.csproj", "{A293CC5C-2E94-44E6-9C1C-0FA51B542A27}"
EndProject
Global
	GlobalSection(SolutionConfigurationPlatforms) = preSolution
		Debug|Any CPU = Debug|Any CPU
		Debug|Mixed Platforms = Debug|Mixed Platforms
		Debug|x86 = Debug|x86
		Release|Any CPU = Release|Any CPU
		Release|Mixed Platforms = Release|Mixed Platforms
		Release|x86 = Release|x86
	EndGlobalSection
	GlobalSection(ProjectConfigurationPlatforms) = postSolution
		{87D951D4-CF5E-4CAB-B269-9CE15199953D}.Debug|Any CPU.ActiveCfg = Debug|x86
		{87D951D4-CF5E-4CAB-B269-9CE15199953D}.Debug|Mixed Platforms.ActiveCfg = Debug|x86
		{87D951D4-CF5E-4CAB-B269-9CE15199953D}.Debug|Mixed Platforms.Build.0 = Debug|x86
		{87D951D4-CF5E-4CAB-B269-9CE15199953D}.Debug|x86.ActiveCfg = Debug|x86
		{87D951D4-CF5E-4CAB-B269-9CE15199953D}.Debug|x86.Build.0 = Debug|x86
		{87D951D4-CF5E-4CAB-B269-9CE15199953D}.Release|Any CPU.ActiveCfg = Release|x86
		{87D951D4-CF5E-4CAB-B269-9CE15199953D}.Release|Mixed Platforms.ActiveCfg = Release|x86
		{87D951D4-CF5E-4CAB-B269-9CE15199953D}.Release|Mixed Platforms.Build.0 = Release|x86
		{87D951D4-CF5E-4CAB-B269-9CE15199953D}.Release|x86.ActiveCfg = Release|x86
		{87D951D4-CF5E-4CAB-B269-9CE15199953D}.Release|x86.Build.0 = Release|x86
		{8E8BD9BD-CEAD-4DD9-9BC6-D9C21309AB12}.Debug|Any CPU.ActiveCfg = Debug|x86
		{8E8BD9BD-CEAD-4DD9-9BC6-D9C21309AB12}.Debug|Mixed Platforms.ActiveCfg = Debug|x86
		{8E8BD9BD-CEAD-4DD9-9BC6-D9C21309AB12}.Debug|Mixed Platforms.Build.0 = Debug|x86
		{8E8BD9BD-CEAD-4DD9-9BC6-D9C21309AB12}.Debug|x86.ActiveCfg = Debug|x86
		{8E8BD9BD-CEAD-4DD9-9BC6-D9C21309AB12}.Debug|x86.Build.0 = Debug|x86
		{8E8BD9BD-CEAD-4DD9-9BC6-D9C21309AB12}.Release|Any CPU.ActiveCfg = Release|x86
		{8E8BD9BD-CEAD-4DD9-9BC6-D9C21309AB12}.Release|Mixed Platforms.ActiveCfg = Release|x86
		{8E8BD9BD-CEAD-4DD9-9BC6-D9C21309AB12}.Release|Mixed Platforms.Build.0 = Release|x86
		{8E8BD9BD-CEAD-4DD9-9BC6-D9C21309AB12}.Release|x86.ActiveCfg = Release|x86
		{8E8BD9BD-CEAD-4DD9-9BC6-D9C21309AB12}.Release|x86.Build.0 = Release|x86
		{A1DC104D-192F-4066-B3E4-F0401F4F61A4}.Debug|Any CPU.ActiveCfg = Debug|Any CPU
		{A1DC104D-192F-4066-B3E4-F0401F4F61A4}.Debug|Any CPU.Build.0 = Debug|Any CPU
		{A1DC104D-192F-4066-B3E4-F0401F4F61A4}.Debug|Mixed Platforms.ActiveCfg = Debug|Any CPU
		{A1DC104D-192F-4066-B3E4-F0401F4F61A4}.Debug|Mixed Platforms.Build.0 = Debug|Any CPU
		{A1DC104D-192F-4066-B3E4-F0401F4F61A4}.Debug|x86.ActiveCfg = Debug|Any CPU
		{A1DC104D-192F-4066-B3E4-F0401F4F61A4}.Release|Any CPU.ActiveCfg = Release|Any CPU
		{A1DC104D-192F-4066-B3E4-F0401F4F61A4}.Release|Any CPU.Build.0 = Release|Any CPU
		{A1DC104D-192F-4066-B3E4-F0401F4F61A4}.Release|Mixed Platforms.ActiveCfg = Release|Any CPU
		{A1DC104D-192F-4066-B3E4-F0401F4F61A4}.Release|Mixed Platforms.Build.0 = Release|Any CPU
		{A1DC104D-192F-4066-B3E4-F0401F4F61A4}.Release|x86.ActiveCfg = Release|Any CPU
		{A9497C48-57BB-41D6-9349-26514F47C1BF}.Debug|Any CPU.ActiveCfg = Debug|x86
		{A9497C48-57BB-41D6-9349-26514F47C1BF}.Debug|Mixed Platforms.ActiveCfg = Debug|x86
		{A9497C48-57BB-41D6-9349-26514F47C1BF}.Debug|Mixed Platforms.Build.0 = Debug|x86
		{A9497C48-57BB-41D6-9349-26514F47C1BF}.Debug|x86.ActiveCfg = Debug|x86
		{A9497C48-57BB-41D6-9349-26514F47C1BF}.Debug|x86.Build.0 = Debug|x86
		{A9497C48-57BB-41D6-9349-26514F47C1BF}.Release|Any CPU.ActiveCfg = Release|x86
		{A9497C48-57BB-41D6-9349-26514F47C1BF}.Release|Mixed Platforms.ActiveCfg = Release|x86
		{A9497C48-57BB-41D6-9349-26514F47C1BF}.Release|Mixed Platforms.Build.0 = Release|x86
		{A9497C48-57BB-41D6-9349-26514F47C1BF}.Release|x86.ActiveCfg = Release|x86
		{A9497C48-57BB-41D6-9349-26514F47C1BF}.Release|x86.Build.0 = Release|x86
		{A293CC5C-2E94-44E6-9C1C-0FA51B542A27}.Debug|Any CPU.ActiveCfg = Debug|x86
		{A293CC5C-2E94-44E6-9C1C-0FA51B542A27}.Debug|Mixed Platforms.ActiveCfg = Debug|x86
		{A293CC5C-2E94-44E6-9C1C-0FA51B542A27}.Debug|Mixed Platforms.Build.0 = Debug|x86
		{A293CC5C-2E94-44E6-9C1C-0FA51B542A27}.Debug|x86.ActiveCfg = Debug|x86
		{A293CC5C-2E94-44E6-9C1C-0FA51B542A27}.Debug|x86.Build.0 = Debug|x86
		{A293CC5C-2E94-44E6-9C1C-0FA51B542A27}.Release|Any CPU.ActiveCfg = Release|x86
		{A293CC5C-2E94-44E6-9C1C-0FA51B542A27}.Release|Mixed Platforms.ActiveCfg = Release|x86
		{A293CC5C-2E94-44E6-9C1C-0FA51B542A27}.Release|Mixed Platforms.Build.0 = Release|x86
		{A293CC5C-2E94-44E6-9C1C-0FA51B542A27}.Release|x86.ActiveCfg = Release|x86
		{A293CC5C-2E94-44E6-9C1C-0FA51B542A27}.Release|x86.Build.0 = Release|x86
	EndGlobalSection
	GlobalSection(SolutionProperties) = preSolution
		HideSolutionNode = FALSE
	EndGlobalSection
EndGlobal
